
Microsoft Visual Studio Solution File, Format Version 12.00
# Visual Studio 15
VisualStudioVersion = 15.0.27004.2008
MinimumVisualStudioVersion = 10.0.40219.1
Project("{FAE04EC0-301F-11D3-BF4B-00C04F79EFBC}") = "MyFirstPcl.Android", "MyFirstPcl\MyFirstPcl.Android\MyFirstPcl.Android.csproj", "{5B475F36-F6AE-4A9D-B44A-BA49A44E73F6}"
EndProject
Project("{FAE04EC0-301F-11D3-BF4B-00C04F79EFBC}") = "MyFirstPcl", "MyFirstPcl\MyFirstPcl\MyFirstPcl.csproj", "{2AB2CE86-448D-4653-9DA0-675A9FB1A702}"
EndProject
Project("{FAE04EC0-301F-11D3-BF4B-00C04F79EFBC}") = "MyFirstPcl.iOS", "MyFirstPcl\MyFirstPcl.iOS\MyFirstPcl.iOS.csproj", "{CE8ACB2D-125E-4A15-85C9-0ABE906ECF32}"
EndProject
Project("{FAE04EC0-301F-11D3-BF4B-00C04F79EFBC}") = "MyFirstUITest", "MyFirstUITest\MyFirstUITest.csproj", "{A2A3E62C-7398-411C-8675-DC512446AEE7}"
EndProject
Project("{FAE04EC0-301F-11D3-BF4B-00C04F79EFBC}") = "ClassLibrary1", "ClassLibrary1\ClassLibrary1.csproj", "{3CADBDB2-9ACF-448C-BEDE-1EA97A05DA05}"
EndProject
Global
	GlobalSection(SolutionConfigurationPlatforms) = preSolution
		Ad-Hoc|Any CPU = Ad-Hoc|Any CPU
		Ad-Hoc|iPhone = Ad-Hoc|iPhone
		Ad-Hoc|iPhoneSimulator = Ad-Hoc|iPhoneSimulator
		AppStore|Any CPU = AppStore|Any CPU
		AppStore|iPhone = AppStore|iPhone
		AppStore|iPhoneSimulator = AppStore|iPhoneSimulator
		Debug|Any CPU = Debug|Any CPU
		Debug|iPhone = Debug|iPhone
		Debug|iPhoneSimulator = Debug|iPhoneSimulator
		Release|Any CPU = Release|Any CPU
		Release|iPhone = Release|iPhone
		Release|iPhoneSimulator = Release|iPhoneSimulator
	EndGlobalSection
	GlobalSection(ProjectConfigurationPlatforms) = postSolution
		{5B475F36-F6AE-4A9D-B44A-BA49A44E73F6}.Ad-Hoc|Any CPU.ActiveCfg = Release|Any CPU
		{5B475F36-F6AE-4A9D-B44A-BA49A44E73F6}.Ad-Hoc|Any CPU.Build.0 = Release|Any CPU
		{5B475F36-F6AE-4A9D-B44A-BA49A44E73F6}.Ad-Hoc|Any CPU.Deploy.0 = Release|Any CPU
		{5B475F36-F6AE-4A9D-B44A-BA49A44E73F6}.Ad-Hoc|iPhone.ActiveCfg = Release|Any CPU
		{5B475F36-F6AE-4A9D-B44A-BA49A44E73F6}.Ad-Hoc|iPhone.Build.0 = Release|Any CPU
		{5B475F36-F6AE-4A9D-B44A-BA49A44E73F6}.Ad-Hoc|iPhone.Deploy.0 = Release|Any CPU
		{5B475F36-F6AE-4A9D-B44A-BA49A44E73F6}.Ad-Hoc|iPhoneSimulator.ActiveCfg = Release|Any CPU
		{5B475F36-F6AE-4A9D-B44A-BA49A44E73F6}.Ad-Hoc|iPhoneSimulator.Build.0 = Release|Any CPU
		{5B475F36-F6AE-4A9D-B44A-BA49A44E73F6}.Ad-Hoc|iPhoneSimulator.Deploy.0 = Release|Any CPU
		{5B475F36-F6AE-4A9D-B44A-BA49A44E73F6}.AppStore|Any CPU.ActiveCfg = Release|Any CPU
		{5B475F36-F6AE-4A9D-B44A-BA49A44E73F6}.AppStore|Any CPU.Build.0 = Release|Any CPU
		{5B475F36-F6AE-4A9D-B44A-BA49A44E73F6}.AppStore|Any CPU.Deploy.0 = Release|Any CPU
		{5B475F36-F6AE-4A9D-B44A-BA49A44E73F6}.AppStore|iPhone.ActiveCfg = Release|Any CPU
		{5B475F36-F6AE-4A9D-B44A-BA49A44E73F6}.AppStore|iPhone.Build.0 = Release|Any CPU
		{5B475F36-F6AE-4A9D-B44A-BA49A44E73F6}.AppStore|iPhone.Deploy.0 = Release|Any CPU
		{5B475F36-F6AE-4A9D-B44A-BA49A44E73F6}.AppStore|iPhoneSimulator.ActiveCfg = Release|Any CPU
		{5B475F36-F6AE-4A9D-B44A-BA49A44E73F6}.AppStore|iPhoneSimulator.Build.0 = Release|Any CPU
		{5B475F36-F6AE-4A9D-B44A-BA49A44E73F6}.AppStore|iPhoneSimulator.Deploy.0 = Release|Any CPU
		{5B475F36-F6AE-4A9D-B44A-BA49A44E73F6}.Debug|Any CPU.ActiveCfg = Debug|Any CPU
		{5B475F36-F6AE-4A9D-B44A-BA49A44E73F6}.Debug|Any CPU.Build.0 = Debug|Any CPU
		{5B475F36-F6AE-4A9D-B44A-BA49A44E73F6}.Debug|Any CPU.Deploy.0 = Debug|Any CPU
		{5B475F36-F6AE-4A9D-B44A-BA49A44E73F6}.Debug|iPhone.ActiveCfg = Debug|Any CPU
		{5B475F36-F6AE-4A9D-B44A-BA49A44E73F6}.Debug|iPhone.Build.0 = Debug|Any CPU
		{5B475F36-F6AE-4A9D-B44A-BA49A44E73F6}.Debug|iPhone.Deploy.0 = Debug|Any CPU
		{5B475F36-F6AE-4A9D-B44A-BA49A44E73F6}.Debug|iPhoneSimulator.ActiveCfg = Debug|Any CPU
		{5B475F36-F6AE-4A9D-B44A-BA49A44E73F6}.Debug|iPhoneSimulator.Build.0 = Debug|Any CPU
		{5B475F36-F6AE-4A9D-B44A-BA49A44E73F6}.Debug|iPhoneSimulator.Deploy.0 = Debug|Any CPU
		{5B475F36-F6AE-4A9D-B44A-BA49A44E73F6}.Release|Any CPU.ActiveCfg = Release|Any CPU
		{5B475F36-F6AE-4A9D-B44A-BA49A44E73F6}.Release|Any CPU.Build.0 = Release|Any CPU
		{5B475F36-F6AE-4A9D-B44A-BA49A44E73F6}.Release|Any CPU.Deploy.0 = Release|Any CPU
		{5B475F36-F6AE-4A9D-B44A-BA49A44E73F6}.Release|iPhone.ActiveCfg = Release|Any CPU
		{5B475F36-F6AE-4A9D-B44A-BA49A44E73F6}.Release|iPhone.Build.0 = Release|Any CPU
		{5B475F36-F6AE-4A9D-B44A-BA49A44E73F6}.Release|iPhone.Deploy.0 = Release|Any CPU
		{5B475F36-F6AE-4A9D-B44A-BA49A44E73F6}.Release|iPhoneSimulator.ActiveCfg = Release|Any CPU
		{5B475F36-F6AE-4A9D-B44A-BA49A44E73F6}.Release|iPhoneSimulator.Build.0 = Release|Any CPU
		{5B475F36-F6AE-4A9D-B44A-BA49A44E73F6}.Release|iPhoneSimulator.Deploy.0 = Release|Any CPU
		{2AB2CE86-448D-4653-9DA0-675A9FB1A702}.Ad-Hoc|Any CPU.ActiveCfg = Release|Any CPU
		{2AB2CE86-448D-4653-9DA0-675A9FB1A702}.Ad-Hoc|Any CPU.Build.0 = Release|Any CPU
		{2AB2CE86-448D-4653-9DA0-675A9FB1A702}.Ad-Hoc|iPhone.ActiveCfg = Release|Any CPU
		{2AB2CE86-448D-4653-9DA0-675A9FB1A702}.Ad-Hoc|iPhone.Build.0 = Release|Any CPU
		{2AB2CE86-448D-4653-9DA0-675A9FB1A702}.Ad-Hoc|iPhoneSimulator.ActiveCfg = Release|Any CPU
		{2AB2CE86-448D-4653-9DA0-675A9FB1A702}.Ad-Hoc|iPhoneSimulator.Build.0 = Release|Any CPU
		{2AB2CE86-448D-4653-9DA0-675A9FB1A702}.AppStore|Any CPU.ActiveCfg = Release|Any CPU
		{2AB2CE86-448D-4653-9DA0-675A9FB1A702}.AppStore|Any CPU.Build.0 = Release|Any CPU
		{2AB2CE86-448D-4653-9DA0-675A9FB1A702}.AppStore|iPhone.ActiveCfg = Release|Any CPU
		{2AB2CE86-448D-4653-9DA0-675A9FB1A702}.AppStore|iPhone.Build.0 = Release|Any CPU
		{2AB2CE86-448D-4653-9DA0-675A9FB1A702}.AppStore|iPhoneSimulator.ActiveCfg = Release|Any CPU
		{2AB2CE86-448D-4653-9DA0-675A9FB1A702}.AppStore|iPhoneSimulator.Build.0 = Release|Any CPU
		{2AB2CE86-448D-4653-9DA0-675A9FB1A702}.Debug|Any CPU.ActiveCfg = Debug|Any CPU
		{2AB2CE86-448D-4653-9DA0-675A9FB1A702}.Debug|Any CPU.Build.0 = Debug|Any CPU
		{2AB2CE86-448D-4653-9DA0-675A9FB1A702}.Debug|iPhone.ActiveCfg = Debug|Any CPU
		{2AB2CE86-448D-4653-9DA0-675A9FB1A702}.Debug|iPhone.Build.0 = Debug|Any CPU
		{2AB2CE86-448D-4653-9DA0-675A9FB1A702}.Debug|iPhoneSimulator.ActiveCfg = Debug|Any CPU
		{2AB2CE86-448D-4653-9DA0-675A9FB1A702}.Debug|iPhoneSimulator.Build.0 = Debug|Any CPU
		{2AB2CE86-448D-4653-9DA0-675A9FB1A702}.Release|Any CPU.ActiveCfg = Release|Any CPU
		{2AB2CE86-448D-4653-9DA0-675A9FB1A702}.Release|Any CPU.Build.0 = Release|Any CPU
		{2AB2CE86-448D-4653-9DA0-675A9FB1A702}.Release|iPhone.ActiveCfg = Release|Any CPU
		{2AB2CE86-448D-4653-9DA0-675A9FB1A702}.Release|iPhone.Build.0 = Release|Any CPU
		{2AB2CE86-448D-4653-9DA0-675A9FB1A702}.Release|iPhoneSimulator.ActiveCfg = Release|Any CPU
		{2AB2CE86-448D-4653-9DA0-675A9FB1A702}.Release|iPhoneSimulator.Build.0 = Release|Any CPU
		{CE8ACB2D-125E-4A15-85C9-0ABE906ECF32}.Ad-Hoc|Any CPU.ActiveCfg = Ad-Hoc|iPhone
		{CE8ACB2D-125E-4A15-85C9-0ABE906ECF32}.Ad-Hoc|iPhone.ActiveCfg = Ad-Hoc|iPhone
		{CE8ACB2D-125E-4A15-85C9-0ABE906ECF32}.Ad-Hoc|iPhone.Build.0 = Ad-Hoc|iPhone
		{CE8ACB2D-125E-4A15-85C9-0ABE906ECF32}.Ad-Hoc|iPhoneSimulator.ActiveCfg = Ad-Hoc|iPhoneSimulator
		{CE8ACB2D-125E-4A15-85C9-0ABE906ECF32}.Ad-Hoc|iPhoneSimulator.Build.0 = Ad-Hoc|iPhoneSimulator
		{CE8ACB2D-125E-4A15-85C9-0ABE906ECF32}.AppStore|Any CPU.ActiveCfg = AppStore|iPhone
		{CE8ACB2D-125E-4A15-85C9-0ABE906ECF32}.AppStore|iPhone.ActiveCfg = AppStore|iPhone
		{CE8ACB2D-125E-4A15-85C9-0ABE906ECF32}.AppStore|iPhone.Build.0 = AppStore|iPhone
		{CE8ACB2D-125E-4A15-85C9-0ABE906ECF32}.AppStore|iPhoneSimulator.ActiveCfg = AppStore|iPhoneSimulator
		{CE8ACB2D-125E-4A15-85C9-0ABE906ECF32}.AppStore|iPhoneSimulator.Build.0 = AppStore|iPhoneSimulator
		{CE8ACB2D-125E-4A15-85C9-0ABE906ECF32}.Debug|Any CPU.ActiveCfg = Debug|iPhone
		{CE8ACB2D-125E-4A15-85C9-0ABE906ECF32}.Debug|iPhone.ActiveCfg = Debug|iPhone
		{CE8ACB2D-125E-4A15-85C9-0ABE906ECF32}.Debug|iPhone.Build.0 = Debug|iPhone
		{CE8ACB2D-125E-4A15-85C9-0ABE906ECF32}.Debug|iPhoneSimulator.ActiveCfg = Debug|iPhoneSimulator
		{CE8ACB2D-125E-4A15-85C9-0ABE906ECF32}.Debug|iPhoneSimulator.Build.0 = Debug|iPhoneSimulator
		{CE8ACB2D-125E-4A15-85C9-0ABE906ECF32}.Release|Any CPU.ActiveCfg = Release|iPhone
		{CE8ACB2D-125E-4A15-85C9-0ABE906ECF32}.Release|iPhone.ActiveCfg = Release|iPhone
		{CE8ACB2D-125E-4A15-85C9-0ABE906ECF32}.Release|iPhone.Build.0 = Release|iPhone
		{CE8ACB2D-125E-4A15-85C9-0ABE906ECF32}.Release|iPhoneSimulator.ActiveCfg = Release|iPhoneSimulator
		{CE8ACB2D-125E-4A15-85C9-0ABE906ECF32}.Release|iPhoneSimulator.Build.0 = Release|iPhoneSimulator
		{A2A3E62C-7398-411C-8675-DC512446AEE7}.Ad-Hoc|Any CPU.ActiveCfg = Release|Any CPU
		{A2A3E62C-7398-411C-8675-DC512446AEE7}.Ad-Hoc|Any CPU.Build.0 = Release|Any CPU
		{A2A3E62C-7398-411C-8675-DC512446AEE7}.Ad-Hoc|iPhone.ActiveCfg = Release|Any CPU
		{A2A3E62C-7398-411C-8675-DC512446AEE7}.Ad-Hoc|iPhone.Build.0 = Release|Any CPU
		{A2A3E62C-7398-411C-8675-DC512446AEE7}.Ad-Hoc|iPhoneSimulator.ActiveCfg = Release|Any CPU
		{A2A3E62C-7398-411C-8675-DC512446AEE7}.Ad-Hoc|iPhoneSimulator.Build.0 = Release|Any CPU
		{A2A3E62C-7398-411C-8675-DC512446AEE7}.AppStore|Any CPU.ActiveCfg = Release|Any CPU
		{A2A3E62C-7398-411C-8675-DC512446AEE7}.AppStore|Any CPU.Build.0 = Release|Any CPU
		{A2A3E62C-7398-411C-8675-DC512446AEE7}.AppStore|iPhone.ActiveCfg = Release|Any CPU
		{A2A3E62C-7398-411C-8675-DC512446AEE7}.AppStore|iPhone.Build.0 = Release|Any CPU
		{A2A3E62C-7398-411C-8675-DC512446AEE7}.AppStore|iPhoneSimulator.ActiveCfg = Release|Any CPU
		{A2A3E62C-7398-411C-8675-DC512446AEE7}.AppStore|iPhoneSimulator.Build.0 = Release|Any CPU
		{A2A3E62C-7398-411C-8675-DC512446AEE7}.Debug|Any CPU.ActiveCfg = Debug|Any CPU
		{A2A3E62C-7398-411C-8675-DC512446AEE7}.Debug|Any CPU.Build.0 = Debug|Any CPU
		{A2A3E62C-7398-411C-8675-DC512446AEE7}.Debug|iPhone.ActiveCfg = Debug|Any CPU
		{A2A3E62C-7398-411C-8675-DC512446AEE7}.Debug|iPhone.Build.0 = Debug|Any CPU
		{A2A3E62C-7398-411C-8675-DC512446AEE7}.Debug|iPhoneSimulator.ActiveCfg = Debug|Any CPU
		{A2A3E62C-7398-411C-8675-DC512446AEE7}.Debug|iPhoneSimulator.Build.0 = Debug|Any CPU
		{A2A3E62C-7398-411C-8675-DC512446AEE7}.Release|Any CPU.ActiveCfg = Release|Any CPU
		{A2A3E62C-7398-411C-8675-DC512446AEE7}.Release|Any CPU.Build.0 = Release|Any CPU
		{A2A3E62C-7398-411C-8675-DC512446AEE7}.Release|iPhone.ActiveCfg = Release|Any CPU
		{A2A3E62C-7398-411C-8675-DC512446AEE7}.Release|iPhone.Build.0 = Release|Any CPU
		{A2A3E62C-7398-411C-8675-DC512446AEE7}.Release|iPhoneSimulator.ActiveCfg = Release|Any CPU
		{A2A3E62C-7398-411C-8675-DC512446AEE7}.Release|iPhoneSimulator.Build.0 = Release|Any CPU
		{3CADBDB2-9ACF-448C-BEDE-1EA97A05DA05}.Ad-Hoc|Any CPU.ActiveCfg = Debug|Any CPU
		{3CADBDB2-9ACF-448C-BEDE-1EA97A05DA05}.Ad-Hoc|Any CPU.Build.0 = Debug|Any CPU
		{3CADBDB2-9ACF-448C-BEDE-1EA97A05DA05}.Ad-Hoc|iPhone.ActiveCfg = Debug|Any CPU
		{3CADBDB2-9ACF-448C-BEDE-1EA97A05DA05}.Ad-Hoc|iPhone.Build.0 = Debug|Any CPU
		{3CADBDB2-9ACF-448C-BEDE-1EA97A05DA05}.Ad-Hoc|iPhoneSimulator.ActiveCfg = Debug|Any CPU
		{3CADBDB2-9ACF-448C-BEDE-1EA97A05DA05}.Ad-Hoc|iPhoneSimulator.Build.0 = Debug|Any CPU
		{3CADBDB2-9ACF-448C-BEDE-1EA97A05DA05}.AppStore|Any CPU.ActiveCfg = Debug|Any CPU
		{3CADBDB2-9ACF-448C-BEDE-1EA97A05DA05}.AppStore|Any CPU.Build.0 = Debug|Any CPU
		{3CADBDB2-9ACF-448C-BEDE-1EA97A05DA05}.AppStore|iPhone.ActiveCfg = Debug|Any CPU
		{3CADBDB2-9ACF-448C-BEDE-1EA97A05DA05}.AppStore|iPhone.Build.0 = Debug|Any CPU
		{3CADBDB2-9ACF-448C-BEDE-1EA97A05DA05}.AppStore|iPhoneSimulator.ActiveCfg = Debug|Any CPU
		{3CADBDB2-9ACF-448C-BEDE-1EA97A05DA05}.AppStore|iPhoneSimulator.Build.0 = Debug|Any CPU
		{3CADBDB2-9ACF-448C-BEDE-1EA97A05DA05}.Debug|Any CPU.ActiveCfg = Debug|Any CPU
		{3CADBDB2-9ACF-448C-BEDE-1EA97A05DA05}.Debug|Any CPU.Build.0 = Debug|Any CPU
		{3CADBDB2-9ACF-448C-BEDE-1EA97A05DA05}.Debug|iPhone.ActiveCfg = Debug|Any CPU
		{3CADBDB2-9ACF-448C-BEDE-1EA97A05DA05}.Debug|iPhone.Build.0 = Debug|Any CPU
		{3CADBDB2-9ACF-448C-BEDE-1EA97A05DA05}.Debug|iPhoneSimulator.ActiveCfg = Debug|Any CPU
		{3CADBDB2-9ACF-448C-BEDE-1EA97A05DA05}.Debug|iPhoneSimulator.Build.0 = Debug|Any CPU
		{3CADBDB2-9ACF-448C-BEDE-1EA97A05DA05}.Release|Any CPU.ActiveCfg = Release|Any CPU
		{3CADBDB2-9ACF-448C-BEDE-1EA97A05DA05}.Release|Any CPU.Build.0 = Release|Any CPU
		{3CADBDB2-9ACF-448C-BEDE-1EA97A05DA05}.Release|iPhone.ActiveCfg = Release|Any CPU
		{3CADBDB2-9ACF-448C-BEDE-1EA97A05DA05}.Release|iPhone.Build.0 = Release|Any CPU
		{3CADBDB2-9ACF-448C-BEDE-1EA97A05DA05}.Release|iPhoneSimulator.ActiveCfg = Release|Any CPU
		{3CADBDB2-9ACF-448C-BEDE-1EA97A05DA05}.Release|iPhoneSimulator.Build.0 = Release|Any CPU
	EndGlobalSection
	GlobalSection(SolutionProperties) = preSolution
		HideSolutionNode = FALSE
	EndGlobalSection
	GlobalSection(ExtensibilityGlobals) = postSolution
		SolutionGuid = {D911741B-30E7-45EA-969A-59B15A50BF40}
	EndGlobalSection
EndGlobal
